
Microsoft Visual Studio Solution File, Format Version 12.00
# Visual Studio Version 17
VisualStudioVersion = 17.0.31903.59
MinimumVisualStudioVersion = 10.0.40219.1
Project("{888888A0-9F3D-457C-B088-3A5042F75D52}") = "AAD_Project", "AAD_Project.pyproj", "{ACA221AC-24F5-4559-A862-0D0F02AABF8B}"
EndProject
Global
	GlobalSection(SolutionConfigurationPlatforms) = preSolution
		Debug|Any CPU = Debug|Any CPU
		Release|Any CPU = Release|Any CPU
	EndGlobalSection
	GlobalSection(ProjectConfigurationPlatforms) = postSolution
		{ACA221AC-24F5-4559-A862-0D0F02AABF8B}.Debug|Any CPU.ActiveCfg = Debug|Any CPU
		{ACA221AC-24F5-4559-A862-0D0F02AABF8B}.Debug|Any CPU.Build.0 = Debug|Any CPU
		{ACA221AC-24F5-4559-A862-0D0F02AABF8B}.Release|Any CPU.ActiveCfg = Release|Any CPU
		{ACA221AC-24F5-4559-A862-0D0F02AABF8B}.Release|Any CPU.Build.0 = Release|Any CPU
	EndGlobalSection
	GlobalSection(SolutionProperties) = preSolution
		HideSolutionNode = FALSE
	EndGlobalSection
	GlobalSection(ExtensibilityGlobals) = postSolution
		SolutionGuid = {D7E1AA65-41CF-463C-AA9D-4A71132FF941}
	EndGlobalSection
EndGlobal
